
Microsoft Visual Studio Solution File, Format Version 12.00
# Visual Studio Version 16
VisualStudioVersion = 16.0.30223.230
MinimumVisualStudioVersion = 10.0.40219.1
Project("{2150E333-8FDC-42A3-9474-1A3956D46DE8}") = "Data", "Data", "{A4DA6CFD-5544-4369-B7D1-1BF9F34DC269}"
EndProject
Project("{2150E333-8FDC-42A3-9474-1A3956D46DE8}") = "Presentation", "Presentation", "{8FB2DB65-48B8-4D42-A841-70E46E45F271}"
EndProject
Project("{9A19103F-16F7-4668-BE54-9A1E7A4F7556}") = "Employee.Presentation", "Employee.Presentation\Employee.Presentation.csproj", "{401F2BE2-4AA6-4D70-AD45-DFEA39DB7677}"
EndProject
Project("{9A19103F-16F7-4668-BE54-9A1E7A4F7556}") = "Employe.DataAccess", "Employe.DataAccess\Employe.DataAccess.csproj", "{B1D623C4-A1F2-4696-9032-727CE7663B46}"
EndProject
Project("{9A19103F-16F7-4668-BE54-9A1E7A4F7556}") = "Employee.Dataa", "Employee.Dataa\Employee.Dataa.csproj", "{097DBFAD-A60E-477E-8D4F-E5531E7B3E1F}"
EndProject
Project("{FAE04EC0-301F-11D3-BF4B-00C04F79EFBC}") = "Employee.Middleware", "Employee.Middleware\Employee.Middleware.csproj", "{64EA7D91-174F-4DD5-8B6E-5C3B9506FC2D}"
EndProject
Global
	GlobalSection(SolutionConfigurationPlatforms) = preSolution
		Debug|Any CPU = Debug|Any CPU
		Release|Any CPU = Release|Any CPU
	EndGlobalSection
	GlobalSection(ProjectConfigurationPlatforms) = postSolution
		{401F2BE2-4AA6-4D70-AD45-DFEA39DB7677}.Debug|Any CPU.ActiveCfg = Debug|Any CPU
		{401F2BE2-4AA6-4D70-AD45-DFEA39DB7677}.Debug|Any CPU.Build.0 = Debug|Any CPU
		{401F2BE2-4AA6-4D70-AD45-DFEA39DB7677}.Release|Any CPU.ActiveCfg = Release|Any CPU
		{401F2BE2-4AA6-4D70-AD45-DFEA39DB7677}.Release|Any CPU.Build.0 = Release|Any CPU
		{B1D623C4-A1F2-4696-9032-727CE7663B46}.Debug|Any CPU.ActiveCfg = Debug|Any CPU
		{B1D623C4-A1F2-4696-9032-727CE7663B46}.Debug|Any CPU.Build.0 = Debug|Any CPU
		{B1D623C4-A1F2-4696-9032-727CE7663B46}.Release|Any CPU.ActiveCfg = Release|Any CPU
		{B1D623C4-A1F2-4696-9032-727CE7663B46}.Release|Any CPU.Build.0 = Release|Any CPU
		{097DBFAD-A60E-477E-8D4F-E5531E7B3E1F}.Debug|Any CPU.ActiveCfg = Debug|Any CPU
		{097DBFAD-A60E-477E-8D4F-E5531E7B3E1F}.Debug|Any CPU.Build.0 = Debug|Any CPU
		{097DBFAD-A60E-477E-8D4F-E5531E7B3E1F}.Release|Any CPU.ActiveCfg = Release|Any CPU
		{097DBFAD-A60E-477E-8D4F-E5531E7B3E1F}.Release|Any CPU.Build.0 = Release|Any CPU
		{64EA7D91-174F-4DD5-8B6E-5C3B9506FC2D}.Debug|Any CPU.ActiveCfg = Debug|Any CPU
		{64EA7D91-174F-4DD5-8B6E-5C3B9506FC2D}.Debug|Any CPU.Build.0 = Debug|Any CPU
		{64EA7D91-174F-4DD5-8B6E-5C3B9506FC2D}.Release|Any CPU.ActiveCfg = Release|Any CPU
		{64EA7D91-174F-4DD5-8B6E-5C3B9506FC2D}.Release|Any CPU.Build.0 = Release|Any CPU
	EndGlobalSection
	GlobalSection(SolutionProperties) = preSolution
		HideSolutionNode = FALSE
	EndGlobalSection
	GlobalSection(NestedProjects) = preSolution
		{401F2BE2-4AA6-4D70-AD45-DFEA39DB7677} = {8FB2DB65-48B8-4D42-A841-70E46E45F271}
		{B1D623C4-A1F2-4696-9032-727CE7663B46} = {A4DA6CFD-5544-4369-B7D1-1BF9F34DC269}
		{097DBFAD-A60E-477E-8D4F-E5531E7B3E1F} = {A4DA6CFD-5544-4369-B7D1-1BF9F34DC269}
		{64EA7D91-174F-4DD5-8B6E-5C3B9506FC2D} = {8FB2DB65-48B8-4D42-A841-70E46E45F271}
	EndGlobalSection
	GlobalSection(ExtensibilityGlobals) = postSolution
		SolutionGuid = {94BE9194-6A4B-46DA-8988-1C5CAA9EAB22}
	EndGlobalSection
EndGlobal
